
Microsoft Visual Studio Solution File, Format Version 12.00
# Visual Studio 14
VisualStudioVersion = 14.0.23107.0
MinimumVisualStudioVersion = 10.0.40219.1
Project("{F2A71F9B-5D33-465A-A702-920D77279786}") = "deckgine", "deckgine\deckgine.fsproj", "{CC55B6AC-749E-42A3-B3AE-B6660EC51E94}"
EndProject
Global
	GlobalSection(SolutionConfigurationPlatforms) = preSolution
		Debug|Any CPU = Debug|Any CPU
		Release|Any CPU = Release|Any CPU
	EndGlobalSection
	GlobalSection(ProjectConfigurationPlatforms) = postSolution
		{CC55B6AC-749E-42A3-B3AE-B6660EC51E94}.Debug|Any CPU.ActiveCfg = Debug|Any CPU
		{CC55B6AC-749E-42A3-B3AE-B6660EC51E94}.Debug|Any CPU.Build.0 = Debug|Any CPU
		{CC55B6AC-749E-42A3-B3AE-B6660EC51E94}.Release|Any CPU.ActiveCfg = Release|Any CPU
		{CC55B6AC-749E-42A3-B3AE-B6660EC51E94}.Release|Any CPU.Build.0 = Release|Any CPU
	EndGlobalSection
	GlobalSection(SolutionProperties) = preSolution
		HideSolutionNode = FALSE
	EndGlobalSection
EndGlobal
